
Microsoft Visual Studio Solution File, Format Version 12.00
# Visual Studio Version 16
VisualStudioVersion = 16.0.30717.126
MinimumVisualStudioVersion = 10.0.40219.1
Project("{9A19103F-16F7-4668-BE54-9A1E7A4F7556}") = "Tests", "UITests\Tests.csproj", "{554B33FB-B6B4-47C4-8D3E-54DD0D85C6E8}"
EndProject
Global
	GlobalSection(SolutionConfigurationPlatforms) = preSolution
		Debug|Any CPU = Debug|Any CPU
		Release|Any CPU = Release|Any CPU
	EndGlobalSection
	GlobalSection(ProjectConfigurationPlatforms) = postSolution
		{554B33FB-B6B4-47C4-8D3E-54DD0D85C6E8}.Debug|Any CPU.ActiveCfg = Debug|Any CPU
		{554B33FB-B6B4-47C4-8D3E-54DD0D85C6E8}.Debug|Any CPU.Build.0 = Debug|Any CPU
		{554B33FB-B6B4-47C4-8D3E-54DD0D85C6E8}.Release|Any CPU.ActiveCfg = Release|Any CPU
		{554B33FB-B6B4-47C4-8D3E-54DD0D85C6E8}.Release|Any CPU.Build.0 = Release|Any CPU
	EndGlobalSection
	GlobalSection(SolutionProperties) = preSolution
		HideSolutionNode = FALSE
	EndGlobalSection
	GlobalSection(ExtensibilityGlobals) = postSolution
		SolutionGuid = {687D20A5-6597-40AB-8008-FEEB9FD37AD4}
	EndGlobalSection
EndGlobal
